<Solution>
  <Folder Name="/docs/">
    <File Path="../CLAUDE.md" />
    <File Path="../LICENSE.md" />
    <File Path="../README.md" />
    <File Path="../docs/ROADMAP.md" />
  </Folder>
  <Folder Name="/docs/tasks/">
    <File Path="../docs/tasks/di-lifetimes.md" />
    <File Path="../docs/tasks/emulator-auto-refresh.md" />
    <File Path="../docs/tasks/sdk-manager.md" />
    <File Path="../docs/tasks/settings-sdk-overrides.md" />
  </Folder>
  <Folder Name="/eng/">
    <File Path="../.gitignore" />
    <File Path="../adb-tunnel.bat" />
    <File Path="Directory.Build.props" />
    <File Path="Directory.Packages.props" />
    <File Path="../global.json" />
  </Folder>
  <Folder Name="/src/">
    <Project Path="Remote.Adb.Console/Remote.Adb.Console.csproj" />
    <Project Path="Remote.Adb.Core/Remote.Adb.Core.csproj" />
    <Project Path="Remote.Adb.Desktop/Remote.Adb.Desktop.csproj" />
  </Folder>
  <Folder Name="/test/">
    <Project Path="Remote.Adb.Core.UnitTests/Remote.Adb.Core.UnitTests.csproj" />
  </Folder>
</Solution>
